
Microsoft Visual Studio Solution File, Format Version 12.00
# Visual Studio Version 17
VisualStudioVersion = 17.2.32616.157
MinimumVisualStudioVersion = 10.0.40219.1
Project("{FAE04EC0-301F-11D3-BF4B-00C04F79EFBC}") = "AreaCircumfernceCalCAPP", "AreaCircumfernceCalCAPP\AreaCircumfernceCalCAPP.csproj", "{B51ED3FC-1533-4CB5-9D1B-5BFBC619D4B9}"
EndProject
Global
	GlobalSection(SolutionConfigurationPlatforms) = preSolution
		Debug|Any CPU = Debug|Any CPU
		Release|Any CPU = Release|Any CPU
	EndGlobalSection
	GlobalSection(ProjectConfigurationPlatforms) = postSolution
		{B51ED3FC-1533-4CB5-9D1B-5BFBC619D4B9}.Debug|Any CPU.ActiveCfg = Debug|Any CPU
		{B51ED3FC-1533-4CB5-9D1B-5BFBC619D4B9}.Debug|Any CPU.Build.0 = Debug|Any CPU
		{B51ED3FC-1533-4CB5-9D1B-5BFBC619D4B9}.Release|Any CPU.ActiveCfg = Release|Any CPU
		{B51ED3FC-1533-4CB5-9D1B-5BFBC619D4B9}.Release|Any CPU.Build.0 = Release|Any CPU
	EndGlobalSection
	GlobalSection(SolutionProperties) = preSolution
		HideSolutionNode = FALSE
	EndGlobalSection
	GlobalSection(ExtensibilityGlobals) = postSolution
		SolutionGuid = {751A9F69-B607-4CF7-B0EF-FD3153617242}
	EndGlobalSection
EndGlobal
