
Microsoft Visual Studio Solution File, Format Version 12.00
# Visual Studio Version 17
VisualStudioVersion = 17.2.32616.157
MinimumVisualStudioVersion = 10.0.40219.1
Project("{FAE04EC0-301F-11D3-BF4B-00C04F79EFBC}") = "ArrayStringPrintProgram", "ArrayStringPrintProgram\ArrayStringPrintProgram.csproj", "{834CE94B-A423-4B9D-8075-D48D9BAF9EAA}"
EndProject
Global
	GlobalSection(SolutionConfigurationPlatforms) = preSolution
		Debug|Any CPU = Debug|Any CPU
		Release|Any CPU = Release|Any CPU
	EndGlobalSection
	GlobalSection(ProjectConfigurationPlatforms) = postSolution
		{834CE94B-A423-4B9D-8075-D48D9BAF9EAA}.Debug|Any CPU.ActiveCfg = Debug|Any CPU
		{834CE94B-A423-4B9D-8075-D48D9BAF9EAA}.Debug|Any CPU.Build.0 = Debug|Any CPU
		{834CE94B-A423-4B9D-8075-D48D9BAF9EAA}.Release|Any CPU.ActiveCfg = Release|Any CPU
		{834CE94B-A423-4B9D-8075-D48D9BAF9EAA}.Release|Any CPU.Build.0 = Release|Any CPU
	EndGlobalSection
	GlobalSection(SolutionProperties) = preSolution
		HideSolutionNode = FALSE
	EndGlobalSection
	GlobalSection(ExtensibilityGlobals) = postSolution
		SolutionGuid = {678C7094-0280-47C0-82ED-88B3F62AA818}
	EndGlobalSection
EndGlobal
