
Microsoft Visual Studio Solution File, Format Version 12.00
# Visual Studio Version 17
VisualStudioVersion = 17.2.32616.157
MinimumVisualStudioVersion = 10.0.40219.1
Project("{FAE04EC0-301F-11D3-BF4B-00C04F79EFBC}") = "CalculatorApp", "CalculatorApp\CalculatorApp.csproj", "{2EA03E1D-E74F-47BE-AAB7-8AD24E6DFC6D}"
EndProject
Global
	GlobalSection(SolutionConfigurationPlatforms) = preSolution
		Debug|Any CPU = Debug|Any CPU
		Release|Any CPU = Release|Any CPU
	EndGlobalSection
	GlobalSection(ProjectConfigurationPlatforms) = postSolution
		{2EA03E1D-E74F-47BE-AAB7-8AD24E6DFC6D}.Debug|Any CPU.ActiveCfg = Debug|Any CPU
		{2EA03E1D-E74F-47BE-AAB7-8AD24E6DFC6D}.Debug|Any CPU.Build.0 = Debug|Any CPU
		{2EA03E1D-E74F-47BE-AAB7-8AD24E6DFC6D}.Release|Any CPU.ActiveCfg = Release|Any CPU
		{2EA03E1D-E74F-47BE-AAB7-8AD24E6DFC6D}.Release|Any CPU.Build.0 = Release|Any CPU
	EndGlobalSection
	GlobalSection(SolutionProperties) = preSolution
		HideSolutionNode = FALSE
	EndGlobalSection
	GlobalSection(ExtensibilityGlobals) = postSolution
		SolutionGuid = {95001FA3-1B28-459F-B8D4-6D9FEEE20515}
	EndGlobalSection
EndGlobal
